
Microsoft Visual Studio Solution File, Format Version 12.00
# Visual Studio Version 17
VisualStudioVersion = 17.9.34728.123
MinimumVisualStudioVersion = 10.0.40219.1
Project("{FAE04EC0-301F-11D3-BF4B-00C04F79EFBC}") = "knowledge-check2-project", "knowledge-check2-project.csproj", "{97CC980C-CA92-4AA2-B15B-4534BC494274}"
EndProject
Global
	GlobalSection(SolutionConfigurationPlatforms) = preSolution
		Debug|Any CPU = Debug|Any CPU
		Release|Any CPU = Release|Any CPU
	EndGlobalSection
	GlobalSection(ProjectConfigurationPlatforms) = postSolution
		{97CC980C-CA92-4AA2-B15B-4534BC494274}.Debug|Any CPU.ActiveCfg = Debug|Any CPU
		{97CC980C-CA92-4AA2-B15B-4534BC494274}.Debug|Any CPU.Build.0 = Debug|Any CPU
		{97CC980C-CA92-4AA2-B15B-4534BC494274}.Release|Any CPU.ActiveCfg = Release|Any CPU
		{97CC980C-CA92-4AA2-B15B-4534BC494274}.Release|Any CPU.Build.0 = Release|Any CPU
	EndGlobalSection
	GlobalSection(SolutionProperties) = preSolution
		HideSolutionNode = FALSE
	EndGlobalSection
	GlobalSection(ExtensibilityGlobals) = postSolution
		SolutionGuid = {D9453349-52BB-4087-996D-47D5CFA1C692}
	EndGlobalSection
EndGlobal
